# This file is automatically @generated by Cargo.
# It is not intended for manual editing.
version = 4

[[package]]
name = "merkur-fec"
version = "0.1.0"

[[patch.unused]]
name = "alacritty_terminal"
version = "0.26.0"

[[patch.unused]]
name = "fontdue"
version = "0.9.4"

[[patch.unused]]
name = "quinn"
version = "0.11.11"

[[patch.unused]]
name = "quinn-proto"
version = "0.11.17"

[[patch.unused]]
name = "vte"
version = "0.15.0"

[[patch.unused]]
name = "wtransport"
version = "0.7.2"
